// !$*UTF8*$!
{
	archiveVersion = 1;
	classes = {
	};
	objectVersion = 46;
	objects = {

/* Begin PBXBuildFile section */
		3DABC45514F4308F00914885 /* Foundation.framework in Frameworks */ = {isa = PBXBuildFile; fileRef = 3DABC45414F4308F00914885 /* Foundation.framework */; };
		3DABC45C14F4308F00914885 /* NSharpDate.1 in CopyFiles */ = {isa = PBXBuildFile; fileRef = 3DABC45B14F4308F00914885 /* NSharpDate.1 */; };
		3DABC46314F4310200914885 /* main.m in Sources */ = {isa = PBXBuildFile; fileRef = 3DABC45714F4308F00914885 /* main.m */; };
		3DABC46714F4319A00914885 /* NSDate+DateHelpers.m in Sources */ = {isa = PBXBuildFile; fileRef = 3DABC46614F4319A00914885 /* NSDate+DateHelpers.m */; };
/* End PBXBuildFile section */

/* Begin PBXCopyFilesBuildPhase section */
		3DABC44E14F4308F00914885 /* CopyFiles */ = {
			isa = PBXCopyFilesBuildPhase;
			buildActionMask = 2147483647;
			dstPath = /usr/share/man/man1/;
			dstSubfolderSpec = 0;
			files = (
				3DABC45C14F4308F00914885 /* NSharpDate.1 in CopyFiles */,
			);
			runOnlyForDeploymentPostprocessing = 1;
		};
/* End PBXCopyFilesBuildPhase section */

/* Begin PBXFileReference section */
		3DABC45014F4308F00914885 /* NSharpDate */ = {isa = PBXFileReference; explicitFileType = "compiled.mach-o.executable"; includeInIndex = 0; path = NSharpDate; sourceTree = BUILT_PRODUCTS_DIR; };
		3DABC45414F4308F00914885 /* Foundation.framework */ = {isa = PBXFileReference; lastKnownFileType = wrapper.framework; name = Foundation.framework; path = System/Library/Frameworks/Foundation.framework; sourceTree = SDKROOT; };
		3DABC45714F4308F00914885 /* main.m */ = {isa = PBXFileReference; lastKnownFileType = sourcecode.c.objc; path = main.m; sourceTree = "<group>"; };
		3DABC45A14F4308F00914885 /* NSharpDate-Prefix.pch */ = {isa = PBXFileReference; lastKnownFileType = sourcecode.c.h; path = "NSharpDate-Prefix.pch"; sourceTree = "<group>"; };
		3DABC45B14F4308F00914885 /* NSharpDate.1 */ = {isa = PBXFileReference; lastKnownFileType = text.man; path = NSharpDate.1; sourceTree = "<group>"; };
		3DABC46514F4319A00914885 /* NSDate+DateHelpers.h */ = {isa = PBXFileReference; fileEncoding = 4; lastKnownFileType = sourcecode.c.h; name = "NSDate+DateHelpers.h"; path = "Categories/NSDate+DateHelpers.h"; sourceTree = "<group>"; };
		3DABC46614F4319A00914885 /* NSDate+DateHelpers.m */ = {isa = PBXFileReference; fileEncoding = 4; lastKnownFileType = sourcecode.c.objc; name = "NSDate+DateHelpers.m"; path = "Categories/NSDate+DateHelpers.m"; sourceTree = "<group>"; };
/* End PBXFileReference section */

/* Begin PBXFrameworksBuildPhase section */
		3DABC44D14F4308F00914885 /* Frameworks */ = {
			isa = PBXFrameworksBuildPhase;
			buildActionMask = 2147483647;
			files = (
				3DABC45514F4308F00914885 /* Foundation.framework in Frameworks */,
			);
			runOnlyForDeploymentPostprocessing = 0;
		};
/* End PBXFrameworksBuildPhase section */

/* Begin PBXGroup section */
		3DABC44514F4308F00914885 = {
			isa = PBXGroup;
			children = (
				3DABC46414F4317500914885 /* Categories */,
				3DABC45614F4308F00914885 /* Examples */,
				3DABC45314F4308F00914885 /* Frameworks */,
				3DABC45114F4308F00914885 /* Products */,
			);
			sourceTree = "<group>";
		};
		3DABC45114F4308F00914885 /* Products */ = {
			isa = PBXGroup;
			children = (
				3DABC45014F4308F00914885 /* NSharpDate */,
			);
			name = Products;
			sourceTree = "<group>";
		};
		3DABC45314F4308F00914885 /* Frameworks */ = {
			isa = PBXGroup;
			children = (
				3DABC45414F4308F00914885 /* Foundation.framework */,
			);
			name = Frameworks;
			sourceTree = "<group>";
		};
		3DABC45614F4308F00914885 /* Examples */ = {
			isa = PBXGroup;
			children = (
				3DABC45714F4308F00914885 /* main.m */,
				3DABC45B14F4308F00914885 /* NSharpDate.1 */,
				3DABC45914F4308F00914885 /* Supporting Files */,
			);
			name = Examples;
			path = NSharpDate;
			sourceTree = "<group>";
		};
		3DABC45914F4308F00914885 /* Supporting Files */ = {
			isa = PBXGroup;
			children = (
				3DABC45A14F4308F00914885 /* NSharpDate-Prefix.pch */,
			);
			name = "Supporting Files";
			sourceTree = "<group>";
		};
		3DABC46414F4317500914885 /* Categories */ = {
			isa = PBXGroup;
			children = (
				3DABC46514F4319A00914885 /* NSDate+DateHelpers.h */,
				3DABC46614F4319A00914885 /* NSDate+DateHelpers.m */,
			);
			name = Categories;
			sourceTree = "<group>";
		};
/* End PBXGroup section */

/* Begin PBXNativeTarget section */
		3DABC44F14F4308F00914885 /* NSharpDate */ = {
			isa = PBXNativeTarget;
			buildConfigurationList = 3DABC45F14F4308F00914885 /* Build configuration list for PBXNativeTarget "NSharpDate" */;
			buildPhases = (
				3DABC44C14F4308F00914885 /* Sources */,
				3DABC44D14F4308F00914885 /* Frameworks */,
				3DABC44E14F4308F00914885 /* CopyFiles */,
			);
			buildRules = (
			);
			dependencies = (
			);
			name = NSharpDate;
			productName = NSharpDate;
			productReference = 3DABC45014F4308F00914885 /* NSharpDate */;
			productType = "com.apple.product-type.tool";
		};
/* End PBXNativeTarget section */

/* Begin PBXProject section */
		3DABC44714F4308F00914885 /* Project object */ = {
			isa = PBXProject;
			attributes = {
				LastUpgradeCheck = 0430;
			};
			buildConfigurationList = 3DABC44A14F4308F00914885 /* Build configuration list for PBXProject "NSharpDate" */;
			compatibilityVersion = "Xcode 3.2";
			developmentRegion = English;
			hasScannedForEncodings = 0;
			knownRegions = (
				en,
			);
			mainGroup = 3DABC44514F4308F00914885;
			productRefGroup = 3DABC45114F4308F00914885 /* Products */;
			projectDirPath = "";
			projectRoot = "";
			targets = (
				3DABC44F14F4308F00914885 /* NSharpDate */,
			);
		};
/* End PBXProject section */

/* Begin PBXSourcesBuildPhase section */
		3DABC44C14F4308F00914885 /* Sources */ = {
			isa = PBXSourcesBuildPhase;
			buildActionMask = 2147483647;
			files = (
				3DABC46314F4310200914885 /* main.m in Sources */,
				3DABC46714F4319A00914885 /* NSDate+DateHelpers.m in Sources */,
			);
			runOnlyForDeploymentPostprocessing = 0;
		};
/* End PBXSourcesBuildPhase section */

/* Begin XCBuildConfiguration section */
		3DABC45D14F4308F00914885 /* Debug */ = {
			isa = XCBuildConfiguration;
			buildSettings = {
				ALWAYS_SEARCH_USER_PATHS = NO;
				ARCHS = "$(ARCHS_STANDARD_64_BIT)";
				CLANG_ENABLE_OBJC_ARC = YES;
				COPY_PHASE_STRIP = NO;
				GCC_C_LANGUAGE_STANDARD = gnu99;
				GCC_DYNAMIC_NO_PIC = NO;
				GCC_ENABLE_OBJC_EXCEPTIONS = YES;
				GCC_OPTIMIZATION_LEVEL = 0;
				GCC_PREPROCESSOR_DEFINITIONS = (
					"DEBUG=1",
					"$(inherited)",
				);
				GCC_SYMBOLS_PRIVATE_EXTERN = NO;
				GCC_VERSION = com.apple.compilers.llvm.clang.1_0;
				GCC_WARN_64_TO_32_BIT_CONVERSION = YES;
				GCC_WARN_ABOUT_MISSING_PROTOTYPES = YES;
				GCC_WARN_ABOUT_RETURN_TYPE = YES;
				GCC_WARN_UNUSED_VARIABLE = YES;
				MACOSX_DEPLOYMENT_TARGET = 10.7;
				ONLY_ACTIVE_ARCH = YES;
				SDKROOT = macosx;
			};
			name = Debug;
		};
		3DABC45E14F4308F00914885 /* Release */ = {
			isa = XCBuildConfiguration;
			buildSettings = {
				ALWAYS_SEARCH_USER_PATHS = NO;
				ARCHS = "$(ARCHS_STANDARD_64_BIT)";
				CLANG_ENABLE_OBJC_ARC = YES;
				COPY_PHASE_STRIP = YES;
				DEBUG_INFORMATION_FORMAT = "dwarf-with-dsym";
				GCC_C_LANGUAGE_STANDARD = gnu99;
				GCC_ENABLE_OBJC_EXCEPTIONS = YES;
				GCC_VERSION = com.apple.compilers.llvm.clang.1_0;
				GCC_WARN_64_TO_32_BIT_CONVERSION = YES;
				GCC_WARN_ABOUT_MISSING_PROTOTYPES = YES;
				GCC_WARN_ABOUT_RETURN_TYPE = YES;
				GCC_WARN_UNUSED_VARIABLE = YES;
				MACOSX_DEPLOYMENT_TARGET = 10.7;
				SDKROOT = macosx;
			};
			name = Release;
		};
		3DABC46014F4308F00914885 /* Debug */ = {
			isa = XCBuildConfiguration;
			buildSettings = {
				GCC_PRECOMPILE_PREFIX_HEADER = YES;
				GCC_PREFIX_HEADER = "NSharpDate/NSharpDate-Prefix.pch";
				PRODUCT_NAME = "$(TARGET_NAME)";
			};
			name = Debug;
		};
		3DABC46114F4308F00914885 /* Release */ = {
			isa = XCBuildConfiguration;
			buildSettings = {
				GCC_PRECOMPILE_PREFIX_HEADER = YES;
				GCC_PREFIX_HEADER = "NSharpDate/NSharpDate-Prefix.pch";
				PRODUCT_NAME = "$(TARGET_NAME)";
			};
			name = Release;
		};
/* End XCBuildConfiguration section */

/* Begin XCConfigurationList section */
		3DABC44A14F4308F00914885 /* Build configuration list for PBXProject "NSharpDate" */ = {
			isa = XCConfigurationList;
			buildConfigurations = (
				3DABC45D14F4308F00914885 /* Debug */,
				3DABC45E14F4308F00914885 /* Release */,
			);
			defaultConfigurationIsVisible = 0;
			defaultConfigurationName = Release;
		};
		3DABC45F14F4308F00914885 /* Build configuration list for PBXNativeTarget "NSharpDate" */ = {
			isa = XCConfigurationList;
			buildConfigurations = (
				3DABC46014F4308F00914885 /* Debug */,
				3DABC46114F4308F00914885 /* Release */,
			);
			defaultConfigurationIsVisible = 0;
			defaultConfigurationName = Release;
		};
/* End XCConfigurationList section */
	};
	rootObject = 3DABC44714F4308F00914885 /* Project object */;
}
